
Microsoft Visual Studio Solution File, Format Version 12.00
# Visual Studio Version 16
VisualStudioVersion = 16.0.33027.164
MinimumVisualStudioVersion = 10.0.40219.1
Project("{FAE04EC0-301F-11D3-BF4B-00C04F79EFBC}") = "EFCurso", "EFCurso.csproj", "{B0A4D5B5-0511-4FB9-9A5F-C1783BFA0ABC}"
EndProject
Global
	GlobalSection(SolutionConfigurationPlatforms) = preSolution
		Debug|Any CPU = Debug|Any CPU
		Release|Any CPU = Release|Any CPU
	EndGlobalSection
	GlobalSection(ProjectConfigurationPlatforms) = postSolution
		{B0A4D5B5-0511-4FB9-9A5F-C1783BFA0ABC}.Debug|Any CPU.ActiveCfg = Debug|Any CPU
		{B0A4D5B5-0511-4FB9-9A5F-C1783BFA0ABC}.Debug|Any CPU.Build.0 = Debug|Any CPU
		{B0A4D5B5-0511-4FB9-9A5F-C1783BFA0ABC}.Release|Any CPU.ActiveCfg = Release|Any CPU
		{B0A4D5B5-0511-4FB9-9A5F-C1783BFA0ABC}.Release|Any CPU.Build.0 = Release|Any CPU
	EndGlobalSection
	GlobalSection(SolutionProperties) = preSolution
		HideSolutionNode = FALSE
	EndGlobalSection
	GlobalSection(ExtensibilityGlobals) = postSolution
		SolutionGuid = {3C864C10-9338-4862-9FC1-7EF26DA2E5E8}
	EndGlobalSection
EndGlobal
